
Microsoft Visual Studio Solution File, Format Version 12.00
# Visual Studio 15
VisualStudioVersion = 15.0.28010.2026
MinimumVisualStudioVersion = 10.0.40219.1
Project("{8BC9CEB8-8B4A-11D0-8D11-00A0C91BC942}") = "helloworld", "helloworld.vcxproj", "{8983A8B5-3FF9-478D-B3F9-8AC6C274BBB9}"
EndProject
Global
	GlobalSection(SolutionConfigurationPlatforms) = preSolution
		Debug|x64 = Debug|x64
		Debug|x86 = Debug|x86
		Release|x64 = Release|x64
		Release|x86 = Release|x86
	EndGlobalSection
	GlobalSection(ProjectConfigurationPlatforms) = postSolution
		{8983A8B5-3FF9-478D-B3F9-8AC6C274BBB9}.Debug|x64.ActiveCfg = Debug|x64
		{8983A8B5-3FF9-478D-B3F9-8AC6C274BBB9}.Debug|x64.Build.0 = Debug|x64
		{8983A8B5-3FF9-478D-B3F9-8AC6C274BBB9}.Debug|x86.ActiveCfg = Debug|Win32
		{8983A8B5-3FF9-478D-B3F9-8AC6C274BBB9}.Debug|x86.Build.0 = Debug|Win32
		{8983A8B5-3FF9-478D-B3F9-8AC6C274BBB9}.Release|x64.ActiveCfg = Release|x64
		{8983A8B5-3FF9-478D-B3F9-8AC6C274BBB9}.Release|x64.Build.0 = Release|x64
		{8983A8B5-3FF9-478D-B3F9-8AC6C274BBB9}.Release|x86.ActiveCfg = Release|Win32
		{8983A8B5-3FF9-478D-B3F9-8AC6C274BBB9}.Release|x86.Build.0 = Release|Win32
	EndGlobalSection
	GlobalSection(SolutionProperties) = preSolution
		HideSolutionNode = FALSE
	EndGlobalSection
	GlobalSection(ExtensibilityGlobals) = postSolution
		SolutionGuid = {44A433A0-3880-42F8-86F5-2F758EF78947}
	EndGlobalSection
EndGlobal
